
Microsoft Visual Studio Solution File, Format Version 12.00
# Visual Studio Version 17
VisualStudioVersion = 17.0.31903.59
MinimumVisualStudioVersion = 10.0.40219.1
Project("{2150E333-8FDC-42A3-9474-1A3956D46DE8}") = "5_DataModels", "5_DataModels", "{A9E279EC-D742-491F-B7F4-84F94E26D4CD}"
EndProject
Project("{9A19103F-16F7-4668-BE54-9A1E7A4F7556}") = "LL.MDE.DataModels.XML-dev", "LL.MDE.DataModels.XML\LL.MDE.DataModels.XML-dev.csproj", "{E1D621E7-AD18-48FC-942C-60BC47BB9F35}"
EndProject
Project("{9A19103F-16F7-4668-BE54-9A1E7A4F7556}") = "LL.MDE.DataModels.SimpleUML-dev", "LL.MDE.DataModels.SimpleUML\LL.MDE.DataModels.SimpleUML-dev.csproj", "{5A65BC72-BA16-4FB5-BBBD-9F54ACE80285}"
EndProject
Project("{9A19103F-16F7-4668-BE54-9A1E7A4F7556}") = "LL.MDE.DataModels.SimpleRDBMS-dev", "LL.MDE.DataModels.SimpleRDBMS\LL.MDE.DataModels.SimpleRDBMS-dev.csproj", "{E6FDE451-26A9-4E1A-8A9C-11B0AF15C319}"
EndProject
Project("{2150E333-8FDC-42A3-9474-1A3956D46DE8}") = "3_QVT", "3_QVT", "{B66D3FFC-C6AF-4B15-9973-3F01AE622FC5}"
EndProject
Project("{9A19103F-16F7-4668-BE54-9A1E7A4F7556}") = "LL.MDE.Components.Qvt.CodeGenerator-dev", "LL.MDE.Components.Qvt.CodeGenerator\LL.MDE.Components.Qvt.CodeGenerator-dev.csproj", "{BF8F9083-4BA8-4120-9641-788779C3181E}"
EndProject
Project("{9A19103F-16F7-4668-BE54-9A1E7A4F7556}") = "LL.MDE.Components.Qvt.Common-dev", "LL.MDE.Components.Qvt.Common\LL.MDE.Components.Qvt.Common-dev.csproj", "{4720EECA-90F6-48A5-B664-798C39E8B9B9}"
EndProject
Project("{9A19103F-16F7-4668-BE54-9A1E7A4F7556}") = "LL.MDE.Components.Qvt.EnArImport-dev", "LL.MDE.Components.Qvt.EnArImport\LL.MDE.Components.Qvt.EnArImport-dev.csproj", "{4A8B9937-5FE9-445A-84A8-E7DD26B62A6D}"
EndProject
Project("{9A19103F-16F7-4668-BE54-9A1E7A4F7556}") = "LL.MDE.Components.Qvt.EnArIntegration-dev", "LL.MDE.Components.Qvt.EnArIntegration\LL.MDE.Components.Qvt.EnArIntegration-dev.csproj", "{D1A7392A-3165-4613-8DA2-406688633D46}"
EndProject
Project("{9A19103F-16F7-4668-BE54-9A1E7A4F7556}") = "LL.MDE.Components.Qvt.EnArInterface-dev", "LL.MDE.Components.Qvt.EnArInterface\LL.MDE.Components.Qvt.EnArInterface-dev.csproj", "{B7F225A9-E958-4EDB-8F71-8CA95860E5A5}"
EndProject
Project("{9A19103F-16F7-4668-BE54-9A1E7A4F7556}") = "LL.MDE.Components.Qvt.Metamodel-dev", "LL.MDE.Components.Qvt.Metamodel\LL.MDE.Components.Qvt.Metamodel-dev.csproj", "{9E4AD66A-C4F5-4AAC-BAE2-0E39E6858985}"
EndProject
Project("{9A19103F-16F7-4668-BE54-9A1E7A4F7556}") = "MDD4All.EAFacade.DataModels.Contracts-dev", "MDD4All.EAFacade.DataModels.Contracts\src\MDD4All.EAFacade.DataModels.Contracts\MDD4All.EAFacade.DataModels.Contracts-dev.csproj", "{FC5284B3-A130-4B5E-A852-ED74B590B607}"
EndProject
Project("{2150E333-8FDC-42A3-9474-1A3956D46DE8}") = "4_DataAccess", "4_DataAccess", "{16BC8988-C5D4-4829-9376-6B2D24052A9D}"
EndProject
Project("{9A19103F-16F7-4668-BE54-9A1E7A4F7556}") = "MDD4All.EAFacade.DataAccess.Cached-dev", "MDD4All.EAFacade.DataAccess.Cached\src\MDD4All.EAFacade.DataAccess.Cached\MDD4All.EAFacade.DataAccess.Cached-dev.csproj", "{48FB968C-EC43-468F-881D-76E19C770E29}"
EndProject
Project("{2150E333-8FDC-42A3-9474-1A3956D46DE8}") = "2_EA", "2_EA", "{8B025947-5E3B-4A29-B26F-B7C1008CF598}"
EndProject
Project("{9A19103F-16F7-4668-BE54-9A1E7A4F7556}") = "LL.MDE.Components.Common.EnArLoader-dev", "LL.MDE.Components.Common.EnArLoader\LL.MDE.Components.Common.EnArLoader-dev.csproj", "{219CA47B-2392-42EF-97EE-3790288BEEC6}"
EndProject
Project("{9A19103F-16F7-4668-BE54-9A1E7A4F7556}") = "LL.MDE.Components.Common.Util-dev", "LL.MDE.Components.Common.Util\LL.MDE.Components.Common.Util-dev.csproj", "{30E7C342-9479-4FCF-9EF9-E33C826EF603}"
EndProject
Project("{2150E333-8FDC-42A3-9474-1A3956D46DE8}") = "6_Util", "6_Util", "{0B3889B6-DF97-4DD0-A786-C6776B5F3200}"
EndProject
Project("{9A19103F-16F7-4668-BE54-9A1E7A4F7556}") = "LL.MDE.Components.Qvt.TextConcreteSyntaxGen-dev", "LL.MDE.Components.Qvt.TextConcreteSyntaxGen\LL.MDE.Components.Qvt.TextConcreteSyntaxGen-dev.csproj", "{13204F4A-650C-47CD-AB98-6D9E651C5640}"
EndProject
Project("{2150E333-8FDC-42A3-9474-1A3956D46DE8}") = "Metamodel", "Metamodel", "{428283AF-3BC1-40DC-AD84-3A3B5D6820F3}"
EndProject
Project("{9A19103F-16F7-4668-BE54-9A1E7A4F7556}") = "LL.MDE.Components.Qvt.Metamodel.Generator-dev", "QvtMetamodelCodeGeneration\LL.MDE.Components.Qvt.Metamodel.Generator\LL.MDE.Components.Qvt.Metamodel.Generator-dev.csproj", "{6CDAB474-F022-4A1B-934E-6A816DB4CF66}"
EndProject
Project("{2150E333-8FDC-42A3-9474-1A3956D46DE8}") = "1_Apps", "1_Apps", "{0BF6DE27-3444-4110-A2F3-46B62FC41F89}"
EndProject
Project("{2150E333-8FDC-42A3-9474-1A3956D46DE8}") = "7_GeneratedTransformations", "7_GeneratedTransformations", "{A2175194-56B8-4C4C-B7D7-9C92786341D8}"
EndProject
Project("{9A19103F-16F7-4668-BE54-9A1E7A4F7556}") = "LL.MDE.Components.Qvt.Test.Demo1-dev", "LL.MDE.Components.Qvt.Test.Demo1\LL.MDE.Components.Qvt.Test.Demo1-dev.csproj", "{CB6CFCA4-F419-42E8-A44E-ABA1FBF0B6B7}"
EndProject
Project("{2150E333-8FDC-42A3-9474-1A3956D46DE8}") = "CodeGenerator", "CodeGenerator", "{1AF285B8-7758-4BA3-800B-20E56E99B49E}"
EndProject
Project("{2150E333-8FDC-42A3-9474-1A3956D46DE8}") = "ConcreteTextSyntax", "ConcreteTextSyntax", "{3F92D8A5-635B-4C95-A53C-2C4816F51AB8}"
EndProject
Project("{2150E333-8FDC-42A3-9474-1A3956D46DE8}") = "EnAr", "EnAr", "{2FE37411-5A18-41BD-B34C-8C619CCC7611}"
EndProject
Project("{2150E333-8FDC-42A3-9474-1A3956D46DE8}") = "Editor", "Editor", "{5D45329C-2A60-4F56-86F2-7F5F27081478}"
EndProject
Project("{9A19103F-16F7-4668-BE54-9A1E7A4F7556}") = "MDD4All.EnterpriseArchitect.Manipulations-dev", "MDD4All.EnterpriseArchitect.Manipulations\src\MDD4All.EA.Manipulations\MDD4All.EnterpriseArchitect.Manipulations-dev.csproj", "{FCA6FC66-C29C-4251-B077-23E220A46397}"
EndProject
Project("{FAE04EC0-301F-11D3-BF4B-00C04F79EFBC}") = "MDD4All.QvtEditor.EaPlugin-dev", "MDD4All.QvtEditor.EaPlugin\src\MDD4All.QvtEditor.EaPlugin\MDD4All.QvtEditor.EaPlugin-dev.csproj", "{6160F5A2-611E-483C-89A8-F3DFC1648C4D}"
EndProject
Global
	GlobalSection(SolutionConfigurationPlatforms) = preSolution
		Debug|Any CPU = Debug|Any CPU
		Release|Any CPU = Release|Any CPU
	EndGlobalSection
	GlobalSection(ProjectConfigurationPlatforms) = postSolution
		{E1D621E7-AD18-48FC-942C-60BC47BB9F35}.Debug|Any CPU.ActiveCfg = Debug|Any CPU
		{E1D621E7-AD18-48FC-942C-60BC47BB9F35}.Debug|Any CPU.Build.0 = Debug|Any CPU
		{E1D621E7-AD18-48FC-942C-60BC47BB9F35}.Release|Any CPU.ActiveCfg = Release|Any CPU
		{E1D621E7-AD18-48FC-942C-60BC47BB9F35}.Release|Any CPU.Build.0 = Release|Any CPU
		{5A65BC72-BA16-4FB5-BBBD-9F54ACE80285}.Debug|Any CPU.ActiveCfg = Debug|Any CPU
		{5A65BC72-BA16-4FB5-BBBD-9F54ACE80285}.Debug|Any CPU.Build.0 = Debug|Any CPU
		{5A65BC72-BA16-4FB5-BBBD-9F54ACE80285}.Release|Any CPU.ActiveCfg = Release|Any CPU
		{5A65BC72-BA16-4FB5-BBBD-9F54ACE80285}.Release|Any CPU.Build.0 = Release|Any CPU
		{E6FDE451-26A9-4E1A-8A9C-11B0AF15C319}.Debug|Any CPU.ActiveCfg = Debug|Any CPU
		{E6FDE451-26A9-4E1A-8A9C-11B0AF15C319}.Debug|Any CPU.Build.0 = Debug|Any CPU
		{E6FDE451-26A9-4E1A-8A9C-11B0AF15C319}.Release|Any CPU.ActiveCfg = Release|Any CPU
		{E6FDE451-26A9-4E1A-8A9C-11B0AF15C319}.Release|Any CPU.Build.0 = Release|Any CPU
		{BF8F9083-4BA8-4120-9641-788779C3181E}.Debug|Any CPU.ActiveCfg = Debug|Any CPU
		{BF8F9083-4BA8-4120-9641-788779C3181E}.Debug|Any CPU.Build.0 = Debug|Any CPU
		{BF8F9083-4BA8-4120-9641-788779C3181E}.Release|Any CPU.ActiveCfg = Release|Any CPU
		{BF8F9083-4BA8-4120-9641-788779C3181E}.Release|Any CPU.Build.0 = Release|Any CPU
		{4720EECA-90F6-48A5-B664-798C39E8B9B9}.Debug|Any CPU.ActiveCfg = Debug|Any CPU
		{4720EECA-90F6-48A5-B664-798C39E8B9B9}.Debug|Any CPU.Build.0 = Debug|Any CPU
		{4720EECA-90F6-48A5-B664-798C39E8B9B9}.Release|Any CPU.ActiveCfg = Release|Any CPU
		{4720EECA-90F6-48A5-B664-798C39E8B9B9}.Release|Any CPU.Build.0 = Release|Any CPU
		{4A8B9937-5FE9-445A-84A8-E7DD26B62A6D}.Debug|Any CPU.ActiveCfg = Debug|Any CPU
		{4A8B9937-5FE9-445A-84A8-E7DD26B62A6D}.Debug|Any CPU.Build.0 = Debug|Any CPU
		{4A8B9937-5FE9-445A-84A8-E7DD26B62A6D}.Release|Any CPU.ActiveCfg = Release|Any CPU
		{4A8B9937-5FE9-445A-84A8-E7DD26B62A6D}.Release|Any CPU.Build.0 = Release|Any CPU
		{D1A7392A-3165-4613-8DA2-406688633D46}.Debug|Any CPU.ActiveCfg = Debug|Any CPU
		{D1A7392A-3165-4613-8DA2-406688633D46}.Debug|Any CPU.Build.0 = Debug|Any CPU
		{D1A7392A-3165-4613-8DA2-406688633D46}.Release|Any CPU.ActiveCfg = Release|Any CPU
		{D1A7392A-3165-4613-8DA2-406688633D46}.Release|Any CPU.Build.0 = Release|Any CPU
		{B7F225A9-E958-4EDB-8F71-8CA95860E5A5}.Debug|Any CPU.ActiveCfg = Debug|Any CPU
		{B7F225A9-E958-4EDB-8F71-8CA95860E5A5}.Debug|Any CPU.Build.0 = Debug|Any CPU
		{B7F225A9-E958-4EDB-8F71-8CA95860E5A5}.Release|Any CPU.ActiveCfg = Release|Any CPU
		{B7F225A9-E958-4EDB-8F71-8CA95860E5A5}.Release|Any CPU.Build.0 = Release|Any CPU
		{9E4AD66A-C4F5-4AAC-BAE2-0E39E6858985}.Debug|Any CPU.ActiveCfg = Debug|Any CPU
		{9E4AD66A-C4F5-4AAC-BAE2-0E39E6858985}.Debug|Any CPU.Build.0 = Debug|Any CPU
		{9E4AD66A-C4F5-4AAC-BAE2-0E39E6858985}.Release|Any CPU.ActiveCfg = Release|Any CPU
		{9E4AD66A-C4F5-4AAC-BAE2-0E39E6858985}.Release|Any CPU.Build.0 = Release|Any CPU
		{FC5284B3-A130-4B5E-A852-ED74B590B607}.Debug|Any CPU.ActiveCfg = Debug|Any CPU
		{FC5284B3-A130-4B5E-A852-ED74B590B607}.Debug|Any CPU.Build.0 = Debug|Any CPU
		{FC5284B3-A130-4B5E-A852-ED74B590B607}.Release|Any CPU.ActiveCfg = Release|Any CPU
		{FC5284B3-A130-4B5E-A852-ED74B590B607}.Release|Any CPU.Build.0 = Release|Any CPU
		{48FB968C-EC43-468F-881D-76E19C770E29}.Debug|Any CPU.ActiveCfg = Debug|Any CPU
		{48FB968C-EC43-468F-881D-76E19C770E29}.Debug|Any CPU.Build.0 = Debug|Any CPU
		{48FB968C-EC43-468F-881D-76E19C770E29}.Release|Any CPU.ActiveCfg = Release|Any CPU
		{48FB968C-EC43-468F-881D-76E19C770E29}.Release|Any CPU.Build.0 = Release|Any CPU
		{219CA47B-2392-42EF-97EE-3790288BEEC6}.Debug|Any CPU.ActiveCfg = Debug|Any CPU
		{219CA47B-2392-42EF-97EE-3790288BEEC6}.Debug|Any CPU.Build.0 = Debug|Any CPU
		{219CA47B-2392-42EF-97EE-3790288BEEC6}.Release|Any CPU.ActiveCfg = Release|Any CPU
		{219CA47B-2392-42EF-97EE-3790288BEEC6}.Release|Any CPU.Build.0 = Release|Any CPU
		{30E7C342-9479-4FCF-9EF9-E33C826EF603}.Debug|Any CPU.ActiveCfg = Debug|Any CPU
		{30E7C342-9479-4FCF-9EF9-E33C826EF603}.Debug|Any CPU.Build.0 = Debug|Any CPU
		{30E7C342-9479-4FCF-9EF9-E33C826EF603}.Release|Any CPU.ActiveCfg = Release|Any CPU
		{30E7C342-9479-4FCF-9EF9-E33C826EF603}.Release|Any CPU.Build.0 = Release|Any CPU
		{13204F4A-650C-47CD-AB98-6D9E651C5640}.Debug|Any CPU.ActiveCfg = Debug|Any CPU
		{13204F4A-650C-47CD-AB98-6D9E651C5640}.Debug|Any CPU.Build.0 = Debug|Any CPU
		{13204F4A-650C-47CD-AB98-6D9E651C5640}.Release|Any CPU.ActiveCfg = Release|Any CPU
		{13204F4A-650C-47CD-AB98-6D9E651C5640}.Release|Any CPU.Build.0 = Release|Any CPU
		{6CDAB474-F022-4A1B-934E-6A816DB4CF66}.Debug|Any CPU.ActiveCfg = Debug|Any CPU
		{6CDAB474-F022-4A1B-934E-6A816DB4CF66}.Debug|Any CPU.Build.0 = Debug|Any CPU
		{6CDAB474-F022-4A1B-934E-6A816DB4CF66}.Release|Any CPU.ActiveCfg = Release|Any CPU
		{6CDAB474-F022-4A1B-934E-6A816DB4CF66}.Release|Any CPU.Build.0 = Release|Any CPU
		{CB6CFCA4-F419-42E8-A44E-ABA1FBF0B6B7}.Debug|Any CPU.ActiveCfg = Debug|Any CPU
		{CB6CFCA4-F419-42E8-A44E-ABA1FBF0B6B7}.Debug|Any CPU.Build.0 = Debug|Any CPU
		{CB6CFCA4-F419-42E8-A44E-ABA1FBF0B6B7}.Release|Any CPU.ActiveCfg = Release|Any CPU
		{CB6CFCA4-F419-42E8-A44E-ABA1FBF0B6B7}.Release|Any CPU.Build.0 = Release|Any CPU
		{FCA6FC66-C29C-4251-B077-23E220A46397}.Debug|Any CPU.ActiveCfg = Debug|Any CPU
		{FCA6FC66-C29C-4251-B077-23E220A46397}.Debug|Any CPU.Build.0 = Debug|Any CPU
		{FCA6FC66-C29C-4251-B077-23E220A46397}.Release|Any CPU.ActiveCfg = Release|Any CPU
		{FCA6FC66-C29C-4251-B077-23E220A46397}.Release|Any CPU.Build.0 = Release|Any CPU
		{6160F5A2-611E-483C-89A8-F3DFC1648C4D}.Debug|Any CPU.ActiveCfg = Debug|Any CPU
		{6160F5A2-611E-483C-89A8-F3DFC1648C4D}.Debug|Any CPU.Build.0 = Debug|Any CPU
		{6160F5A2-611E-483C-89A8-F3DFC1648C4D}.Release|Any CPU.ActiveCfg = Release|Any CPU
		{6160F5A2-611E-483C-89A8-F3DFC1648C4D}.Release|Any CPU.Build.0 = Release|Any CPU
	EndGlobalSection
	GlobalSection(SolutionProperties) = preSolution
		HideSolutionNode = FALSE
	EndGlobalSection
	GlobalSection(NestedProjects) = preSolution
		{E1D621E7-AD18-48FC-942C-60BC47BB9F35} = {A9E279EC-D742-491F-B7F4-84F94E26D4CD}
		{5A65BC72-BA16-4FB5-BBBD-9F54ACE80285} = {A9E279EC-D742-491F-B7F4-84F94E26D4CD}
		{E6FDE451-26A9-4E1A-8A9C-11B0AF15C319} = {A9E279EC-D742-491F-B7F4-84F94E26D4CD}
		{BF8F9083-4BA8-4120-9641-788779C3181E} = {1AF285B8-7758-4BA3-800B-20E56E99B49E}
		{4720EECA-90F6-48A5-B664-798C39E8B9B9} = {B66D3FFC-C6AF-4B15-9973-3F01AE622FC5}
		{4A8B9937-5FE9-445A-84A8-E7DD26B62A6D} = {2FE37411-5A18-41BD-B34C-8C619CCC7611}
		{D1A7392A-3165-4613-8DA2-406688633D46} = {2FE37411-5A18-41BD-B34C-8C619CCC7611}
		{B7F225A9-E958-4EDB-8F71-8CA95860E5A5} = {2FE37411-5A18-41BD-B34C-8C619CCC7611}
		{9E4AD66A-C4F5-4AAC-BAE2-0E39E6858985} = {428283AF-3BC1-40DC-AD84-3A3B5D6820F3}
		{FC5284B3-A130-4B5E-A852-ED74B590B607} = {A9E279EC-D742-491F-B7F4-84F94E26D4CD}
		{48FB968C-EC43-468F-881D-76E19C770E29} = {16BC8988-C5D4-4829-9376-6B2D24052A9D}
		{219CA47B-2392-42EF-97EE-3790288BEEC6} = {8B025947-5E3B-4A29-B26F-B7C1008CF598}
		{30E7C342-9479-4FCF-9EF9-E33C826EF603} = {0B3889B6-DF97-4DD0-A786-C6776B5F3200}
		{13204F4A-650C-47CD-AB98-6D9E651C5640} = {3F92D8A5-635B-4C95-A53C-2C4816F51AB8}
		{428283AF-3BC1-40DC-AD84-3A3B5D6820F3} = {B66D3FFC-C6AF-4B15-9973-3F01AE622FC5}
		{6CDAB474-F022-4A1B-934E-6A816DB4CF66} = {0BF6DE27-3444-4110-A2F3-46B62FC41F89}
		{CB6CFCA4-F419-42E8-A44E-ABA1FBF0B6B7} = {A2175194-56B8-4C4C-B7D7-9C92786341D8}
		{1AF285B8-7758-4BA3-800B-20E56E99B49E} = {B66D3FFC-C6AF-4B15-9973-3F01AE622FC5}
		{3F92D8A5-635B-4C95-A53C-2C4816F51AB8} = {B66D3FFC-C6AF-4B15-9973-3F01AE622FC5}
		{2FE37411-5A18-41BD-B34C-8C619CCC7611} = {B66D3FFC-C6AF-4B15-9973-3F01AE622FC5}
		{5D45329C-2A60-4F56-86F2-7F5F27081478} = {0BF6DE27-3444-4110-A2F3-46B62FC41F89}
		{FCA6FC66-C29C-4251-B077-23E220A46397} = {8B025947-5E3B-4A29-B26F-B7C1008CF598}
		{6160F5A2-611E-483C-89A8-F3DFC1648C4D} = {5D45329C-2A60-4F56-86F2-7F5F27081478}
	EndGlobalSection
	GlobalSection(ExtensibilityGlobals) = postSolution
		SolutionGuid = {214F2544-C9DD-4039-A27F-4A1ACA9B3CF5}
	EndGlobalSection
EndGlobal
